
Microsoft Visual Studio Solution File, Format Version 12.00
# Visual Studio Version 16
VisualStudioVersion = 16.0.30002.166
MinimumVisualStudioVersion = 10.0.40219.1
Project("{FAE04EC0-301F-11D3-BF4B-00C04F79EFBC}") = "BuilderPatternExample", "BuilderPatternExample\BuilderPatternExample.csproj", "{E73842C8-A094-4B7A-9D3C-60A7BC87CEFC}"
EndProject
Global
	GlobalSection(SolutionConfigurationPlatforms) = preSolution
		Debug|Any CPU = Debug|Any CPU
		Release|Any CPU = Release|Any CPU
	EndGlobalSection
	GlobalSection(ProjectConfigurationPlatforms) = postSolution
		{E73842C8-A094-4B7A-9D3C-60A7BC87CEFC}.Debug|Any CPU.ActiveCfg = Debug|Any CPU
		{E73842C8-A094-4B7A-9D3C-60A7BC87CEFC}.Debug|Any CPU.Build.0 = Debug|Any CPU
		{E73842C8-A094-4B7A-9D3C-60A7BC87CEFC}.Release|Any CPU.ActiveCfg = Release|Any CPU
		{E73842C8-A094-4B7A-9D3C-60A7BC87CEFC}.Release|Any CPU.Build.0 = Release|Any CPU
	EndGlobalSection
	GlobalSection(SolutionProperties) = preSolution
		HideSolutionNode = FALSE
	EndGlobalSection
	GlobalSection(ExtensibilityGlobals) = postSolution
		SolutionGuid = {2D505FB3-7A26-496B-8422-EA143A0B5E96}
	EndGlobalSection
EndGlobal
